// !$*UTF8*$!
{
	archiveVersion = 1;
	classes = {
	};
	objectVersion = 46;
	objects = {

/* Begin PBXBuildFile section */
		38024E061BCE8FD90073FE71 /* AppDelegate.swift in Sources */ = {isa = PBXBuildFile; fileRef = 38024E051BCE8FD90073FE71 /* AppDelegate.swift */; };
		38024E081BCE8FD90073FE71 /* ViewController.swift in Sources */ = {isa = PBXBuildFile; fileRef = 38024E071BCE8FD90073FE71 /* ViewController.swift */; };
		38024E0E1BCE8FD90073FE71 /* _0_14Swift2048.xcdatamodeld in Sources */ = {isa = PBXBuildFile; fileRef = 38024E0C1BCE8FD90073FE71 /* _0_14Swift2048.xcdatamodeld */; };
		38024E101BCE8FD90073FE71 /* Assets.xcassets in Resources */ = {isa = PBXBuildFile; fileRef = 38024E0F1BCE8FD90073FE71 /* Assets.xcassets */; };
		38024E131BCE8FD90073FE71 /* LaunchScreen.storyboard in Resources */ = {isa = PBXBuildFile; fileRef = 38024E111BCE8FD90073FE71 /* LaunchScreen.storyboard */; };
		38024E1E1BCE8FD90073FE71 /* _0_14Swift2048Tests.swift in Sources */ = {isa = PBXBuildFile; fileRef = 38024E1D1BCE8FD90073FE71 /* _0_14Swift2048Tests.swift */; };
		38024E291BCE8FD90073FE71 /* _0_14Swift2048UITests.swift in Sources */ = {isa = PBXBuildFile; fileRef = 38024E281BCE8FD90073FE71 /* _0_14Swift2048UITests.swift */; };
		38024E3B1BCE9E6B0073FE71 /* MainTabViewController.swift in Sources */ = {isa = PBXBuildFile; fileRef = 38024E3A1BCE9E6B0073FE71 /* MainTabViewController.swift */; };
		38024E3D1BCE9F3E0073FE71 /* SettingViewController.swift in Sources */ = {isa = PBXBuildFile; fileRef = 38024E3C1BCE9F3E0073FE71 /* SettingViewController.swift */; };
		38024E3F1BCEA08D0073FE71 /* MainViewController.swift in Sources */ = {isa = PBXBuildFile; fileRef = 38024E3E1BCEA08D0073FE71 /* MainViewController.swift */; };
		38024E411BCEAD700073FE71 /* ScoreView.swift in Sources */ = {isa = PBXBuildFile; fileRef = 38024E401BCEAD700073FE71 /* ScoreView.swift */; };
		38024E491BCF39120073FE71 /* ViewFactory.swift in Sources */ = {isa = PBXBuildFile; fileRef = 38024E481BCF39120073FE71 /* ViewFactory.swift */; };
		380321321D66AA19001BE9EA /* ScoreViewController.swift in Sources */ = {isa = PBXBuildFile; fileRef = 380321311D66AA19001BE9EA /* ScoreViewController.swift */; };
		380552081D85FC2A006953ED /* UIColor+CustomColors.m in Sources */ = {isa = PBXBuildFile; fileRef = 380551F01D85FC2A006953ED /* UIColor+CustomColors.m */; };
		380552091D85FC2A006953ED /* UIView+KKToolKitAdditions.m in Sources */ = {isa = PBXBuildFile; fileRef = 380551F31D85FC2A006953ED /* UIView+KKToolKitAdditions.m */; };
		3805520A1D85FC2A006953ED /* KKColorCell.m in Sources */ = {isa = PBXBuildFile; fileRef = 380551F61D85FC2A006953ED /* KKColorCell.m */; };
		3805520B1D85FC2A006953ED /* KKColorCell.xib in Resources */ = {isa = PBXBuildFile; fileRef = 380551F71D85FC2A006953ED /* KKColorCell.xib */; };
		3805520C1D85FC2A006953ED /* KKColorsHeaderView.m in Sources */ = {isa = PBXBuildFile; fileRef = 380551F91D85FC2A006953ED /* KKColorsHeaderView.m */; };
		3805520D1D85FC2A006953ED /* KKColorsHeaderView.xib in Resources */ = {isa = PBXBuildFile; fileRef = 380551FA1D85FC2A006953ED /* KKColorsHeaderView.xib */; };
		3805520E1D85FC2A006953ED /* KKColor.m in Sources */ = {isa = PBXBuildFile; fileRef = 380551FD1D85FC2A006953ED /* KKColor.m */; };
		3805520F1D85FC2A006953ED /* KKColorsLoader.m in Sources */ = {isa = PBXBuildFile; fileRef = 380552001D85FC2A006953ED /* KKColorsLoader.m */; };
		380552101D85FC2A006953ED /* KKColorListViewController.m in Sources */ = {isa = PBXBuildFile; fileRef = 380552041D85FC2A006953ED /* KKColorListViewController.m */; };
		380552111D85FC2A006953ED /* colors_crayola.plist in Resources */ = {isa = PBXBuildFile; fileRef = 380552061D85FC2A006953ED /* colors_crayola.plist */; };
		380552121D85FC2A006953ED /* colors_pantone.plist in Resources */ = {isa = PBXBuildFile; fileRef = 380552071D85FC2A006953ED /* colors_pantone.plist */; };
		380552181D8604D6006953ED /* Bridge.m in Sources */ = {isa = PBXBuildFile; fileRef = 380552171D8604D6006953ED /* Bridge.m */; };
		38089A971BCFE773006D059E /* TileView.swift in Sources */ = {isa = PBXBuildFile; fileRef = 38089A961BCFE773006D059E /* TileView.swift */; };
		381608801D5F37DA000B8828 /* Main.storyboard in Resources */ = {isa = PBXBuildFile; fileRef = 3816087F1D5F37DA000B8828 /* Main.storyboard */; };
		38AA5D731BD1BC84008AEBFE /* GameModel.swift in Sources */ = {isa = PBXBuildFile; fileRef = 38AA5D721BD1BC84008AEBFE /* GameModel.swift */; };
		38BCD6D81BD75C37004BD0AA /* UserModel.swift in Sources */ = {isa = PBXBuildFile; fileRef = 38BCD6D71BD75C37004BD0AA /* UserModel.swift */; };
		38D026CD1D8C2F2500776B15 /* SQLiteDB.swift in Sources */ = {isa = PBXBuildFile; fileRef = 38D026CB1D8C2F2500776B15 /* SQLiteDB.swift */; };
		38D026CE1D8C2F2500776B15 /* String-Extras.swift in Sources */ = {isa = PBXBuildFile; fileRef = 38D026CC1D8C2F2500776B15 /* String-Extras.swift */; };
		38D026D71D8CEF3200776B15 /* libsqlite3.dylib in Frameworks */ = {isa = PBXBuildFile; fileRef = 38D026D61D8CEF3200776B15 /* libsqlite3.dylib */; };
/* End PBXBuildFile section */

/* Begin PBXContainerItemProxy section */
		38024E1A1BCE8FD90073FE71 /* PBXContainerItemProxy */ = {
			isa = PBXContainerItemProxy;
			containerPortal = 38024DFA1BCE8FD90073FE71 /* Project object */;
			proxyType = 1;
			remoteGlobalIDString = 38024E011BCE8FD90073FE71;
			remoteInfo = "10-14Swift2048";
		};
		38024E251BCE8FD90073FE71 /* PBXContainerItemProxy */ = {
			isa = PBXContainerItemProxy;
			containerPortal = 38024DFA1BCE8FD90073FE71 /* Project object */;
			proxyType = 1;
			remoteGlobalIDString = 38024E011BCE8FD90073FE71;
			remoteInfo = "10-14Swift2048";
		};
/* End PBXContainerItemProxy section */

/* Begin PBXFileReference section */
		38024E021BCE8FD90073FE71 /* Swift2048.app */ = {isa = PBXFileReference; explicitFileType = wrapper.application; includeInIndex = 0; path = Swift2048.app; sourceTree = BUILT_PRODUCTS_DIR; };
		38024E051BCE8FD90073FE71 /* AppDelegate.swift */ = {isa = PBXFileReference; lastKnownFileType = sourcecode.swift; path = AppDelegate.swift; sourceTree = "<group>"; };
		38024E071BCE8FD90073FE71 /* ViewController.swift */ = {isa = PBXFileReference; lastKnownFileType = sourcecode.swift; path = ViewController.swift; sourceTree = "<group>"; };
		38024E0D1BCE8FD90073FE71 /* _0_14Swift2048.xcdatamodel */ = {isa = PBXFileReference; lastKnownFileType = wrapper.xcdatamodel; path = _0_14Swift2048.xcdatamodel; sourceTree = "<group>"; };
		38024E0F1BCE8FD90073FE71 /* Assets.xcassets */ = {isa = PBXFileReference; lastKnownFileType = folder.assetcatalog; path = Assets.xcassets; sourceTree = "<group>"; };
		38024E121BCE8FD90073FE71 /* Base */ = {isa = PBXFileReference; lastKnownFileType = file.storyboard; name = Base; path = Base.lproj/LaunchScreen.storyboard; sourceTree = "<group>"; };
		38024E141BCE8FD90073FE71 /* Info.plist */ = {isa = PBXFileReference; lastKnownFileType = text.plist.xml; path = Info.plist; sourceTree = "<group>"; };
		38024E191BCE8FD90073FE71 /* Swift2048.xctest */ = {isa = PBXFileReference; explicitFileType = wrapper.cfbundle; includeInIndex = 0; path = Swift2048.xctest; sourceTree = BUILT_PRODUCTS_DIR; };
		38024E1D1BCE8FD90073FE71 /* _0_14Swift2048Tests.swift */ = {isa = PBXFileReference; lastKnownFileType = sourcecode.swift; path = _0_14Swift2048Tests.swift; sourceTree = "<group>"; };
		38024E1F1BCE8FD90073FE71 /* Info.plist */ = {isa = PBXFileReference; lastKnownFileType = text.plist.xml; path = Info.plist; sourceTree = "<group>"; };
		38024E241BCE8FD90073FE71 /* Swift2048.xctest */ = {isa = PBXFileReference; explicitFileType = wrapper.cfbundle; includeInIndex = 0; path = Swift2048.xctest; sourceTree = BUILT_PRODUCTS_DIR; };
		38024E281BCE8FD90073FE71 /* _0_14Swift2048UITests.swift */ = {isa = PBXFileReference; lastKnownFileType = sourcecode.swift; path = _0_14Swift2048UITests.swift; sourceTree = "<group>"; };
		38024E2A1BCE8FD90073FE71 /* Info.plist */ = {isa = PBXFileReference; lastKnownFileType = text.plist.xml; path = Info.plist; sourceTree = "<group>"; };
		38024E3A1BCE9E6B0073FE71 /* MainTabViewController.swift */ = {isa = PBXFileReference; fileEncoding = 4; lastKnownFileType = sourcecode.swift; path = MainTabViewController.swift; sourceTree = "<group>"; };
		38024E3C1BCE9F3E0073FE71 /* SettingViewController.swift */ = {isa = PBXFileReference; fileEncoding = 4; lastKnownFileType = sourcecode.swift; path = SettingViewController.swift; sourceTree = "<group>"; };
		38024E3E1BCEA08D0073FE71 /* MainViewController.swift */ = {isa = PBXFileReference; fileEncoding = 4; lastKnownFileType = sourcecode.swift; path = MainViewController.swift; sourceTree = "<group>"; };
		38024E401BCEAD700073FE71 /* ScoreView.swift */ = {isa = PBXFileReference; fileEncoding = 4; lastKnownFileType = sourcecode.swift; path = ScoreView.swift; sourceTree = "<group>"; };
		38024E481BCF39120073FE71 /* ViewFactory.swift */ = {isa = PBXFileReference; fileEncoding = 4; lastKnownFileType = sourcecode.swift; path = ViewFactory.swift; sourceTree = "<group>"; };
		380321311D66AA19001BE9EA /* ScoreViewController.swift */ = {isa = PBXFileReference; fileEncoding = 4; lastKnownFileType = sourcecode.swift; path = ScoreViewController.swift; sourceTree = "<group>"; };
		380551EF1D85FC2A006953ED /* UIColor+CustomColors.h */ = {isa = PBXFileReference; fileEncoding = 4; lastKnownFileType = sourcecode.c.h; path = "UIColor+CustomColors.h"; sourceTree = "<group>"; };
		380551F01D85FC2A006953ED /* UIColor+CustomColors.m */ = {isa = PBXFileReference; fileEncoding = 4; lastKnownFileType = sourcecode.c.objc; path = "UIColor+CustomColors.m"; sourceTree = "<group>"; };
		380551F21D85FC2A006953ED /* UIView+KKToolKitAdditions.h */ = {isa = PBXFileReference; fileEncoding = 4; lastKnownFileType = sourcecode.c.h; path = "UIView+KKToolKitAdditions.h"; sourceTree = "<group>"; };
		380551F31D85FC2A006953ED /* UIView+KKToolKitAdditions.m */ = {isa = PBXFileReference; fileEncoding = 4; lastKnownFileType = sourcecode.c.objc; path = "UIView+KKToolKitAdditions.m"; sourceTree = "<group>"; };
		380551F51D85FC2A006953ED /* KKColorCell.h */ = {isa = PBXFileReference; fileEncoding = 4; lastKnownFileType = sourcecode.c.h; path = KKColorCell.h; sourceTree = "<group>"; };
		380551F61D85FC2A006953ED /* KKColorCell.m */ = {isa = PBXFileReference; fileEncoding = 4; lastKnownFileType = sourcecode.c.objc; path = KKColorCell.m; sourceTree = "<group>"; };
		380551F71D85FC2A006953ED /* KKColorCell.xib */ = {isa = PBXFileReference; fileEncoding = 4; lastKnownFileType = file.xib; path = KKColorCell.xib; sourceTree = "<group>"; };
		380551F81D85FC2A006953ED /* KKColorsHeaderView.h */ = {isa = PBXFileReference; fileEncoding = 4; lastKnownFileType = sourcecode.c.h; path = KKColorsHeaderView.h; sourceTree = "<group>"; };
		380551F91D85FC2A006953ED /* KKColorsHeaderView.m */ = {isa = PBXFileReference; fileEncoding = 4; lastKnownFileType = sourcecode.c.objc; path = KKColorsHeaderView.m; sourceTree = "<group>"; };
		380551FA1D85FC2A006953ED /* KKColorsHeaderView.xib */ = {isa = PBXFileReference; fileEncoding = 4; lastKnownFileType = file.xib; path = KKColorsHeaderView.xib; sourceTree = "<group>"; };
		380551FC1D85FC2A006953ED /* KKColor.h */ = {isa = PBXFileReference; fileEncoding = 4; lastKnownFileType = sourcecode.c.h; path = KKColor.h; sourceTree = "<group>"; };
		380551FD1D85FC2A006953ED /* KKColor.m */ = {isa = PBXFileReference; fileEncoding = 4; lastKnownFileType = sourcecode.c.objc; path = KKColor.m; sourceTree = "<group>"; };
		380551FE1D85FC2A006953ED /* KKColorListPicker.h */ = {isa = PBXFileReference; fileEncoding = 4; lastKnownFileType = sourcecode.c.h; path = KKColorListPicker.h; sourceTree = "<group>"; };
		380551FF1D85FC2A006953ED /* KKColorsLoader.h */ = {isa = PBXFileReference; fileEncoding = 4; lastKnownFileType = sourcecode.c.h; path = KKColorsLoader.h; sourceTree = "<group>"; };
		380552001D85FC2A006953ED /* KKColorsLoader.m */ = {isa = PBXFileReference; fileEncoding = 4; lastKnownFileType = sourcecode.c.objc; path = KKColorsLoader.m; sourceTree = "<group>"; };
		380552011D85FC2A006953ED /* KKColorsSchemeType.h */ = {isa = PBXFileReference; fileEncoding = 4; lastKnownFileType = sourcecode.c.h; path = KKColorsSchemeType.h; sourceTree = "<group>"; };
		380552031D85FC2A006953ED /* KKColorListViewController.h */ = {isa = PBXFileReference; fileEncoding = 4; lastKnownFileType = sourcecode.c.h; path = KKColorListViewController.h; sourceTree = "<group>"; };
		380552041D85FC2A006953ED /* KKColorListViewController.m */ = {isa = PBXFileReference; fileEncoding = 4; lastKnownFileType = sourcecode.c.objc; path = KKColorListViewController.m; sourceTree = "<group>"; };
		380552061D85FC2A006953ED /* colors_crayola.plist */ = {isa = PBXFileReference; fileEncoding = 4; lastKnownFileType = text.plist.xml; path = colors_crayola.plist; sourceTree = "<group>"; };
		380552071D85FC2A006953ED /* colors_pantone.plist */ = {isa = PBXFileReference; fileEncoding = 4; lastKnownFileType = text.plist.xml; path = colors_pantone.plist; sourceTree = "<group>"; };
		380552151D860370006953ED /* BridgingHeader.h */ = {isa = PBXFileReference; lastKnownFileType = sourcecode.c.h; path = BridgingHeader.h; sourceTree = "<group>"; };
		380552161D8604D6006953ED /* Bridge.h */ = {isa = PBXFileReference; fileEncoding = 4; lastKnownFileType = sourcecode.c.h; path = Bridge.h; sourceTree = "<group>"; };
		380552171D8604D6006953ED /* Bridge.m */ = {isa = PBXFileReference; fileEncoding = 4; lastKnownFileType = sourcecode.c.objc; path = Bridge.m; sourceTree = "<group>"; };
		38089A961BCFE773006D059E /* TileView.swift */ = {isa = PBXFileReference; fileEncoding = 4; lastKnownFileType = sourcecode.swift; path = TileView.swift; sourceTree = "<group>"; };
		3816087F1D5F37DA000B8828 /* Main.storyboard */ = {isa = PBXFileReference; fileEncoding = 4; lastKnownFileType = file.storyboard; path = Main.storyboard; sourceTree = "<group>"; };
		385B46C01D8D268900AB9E45 /* swift2048.db */ = {isa = PBXFileReference; lastKnownFileType = file; path = swift2048.db; sourceTree = "<group>"; };
		38AA5D721BD1BC84008AEBFE /* GameModel.swift */ = {isa = PBXFileReference; fileEncoding = 4; lastKnownFileType = sourcecode.swift; path = GameModel.swift; sourceTree = "<group>"; };
		38BCD6D71BD75C37004BD0AA /* UserModel.swift */ = {isa = PBXFileReference; fileEncoding = 4; lastKnownFileType = sourcecode.swift; path = UserModel.swift; sourceTree = "<group>"; };
		38D026CB1D8C2F2500776B15 /* SQLiteDB.swift */ = {isa = PBXFileReference; fileEncoding = 4; lastKnownFileType = sourcecode.swift; path = SQLiteDB.swift; sourceTree = "<group>"; };
		38D026CC1D8C2F2500776B15 /* String-Extras.swift */ = {isa = PBXFileReference; fileEncoding = 4; lastKnownFileType = sourcecode.swift; path = "String-Extras.swift"; sourceTree = "<group>"; };
		38D026D61D8CEF3200776B15 /* libsqlite3.dylib */ = {isa = PBXFileReference; lastKnownFileType = "compiled.mach-o.dylib"; name = libsqlite3.dylib; path = ../../../../../usr/lib/libsqlite3.dylib; sourceTree = "<group>"; };
/* End PBXFileReference section */

/* Begin PBXFrameworksBuildPhase section */
		38024DFF1BCE8FD90073FE71 /* Frameworks */ = {
			isa = PBXFrameworksBuildPhase;
			buildActionMask = 2147483647;
			files = (
				38D026D71D8CEF3200776B15 /* libsqlite3.dylib in Frameworks */,
			);
			runOnlyForDeploymentPostprocessing = 0;
		};
		38024E161BCE8FD90073FE71 /* Frameworks */ = {
			isa = PBXFrameworksBuildPhase;
			buildActionMask = 2147483647;
			files = (
			);
			runOnlyForDeploymentPostprocessing = 0;
		};
		38024E211BCE8FD90073FE71 /* Frameworks */ = {
			isa = PBXFrameworksBuildPhase;
			buildActionMask = 2147483647;
			files = (
			);
			runOnlyForDeploymentPostprocessing = 0;
		};
/* End PBXFrameworksBuildPhase section */

/* Begin PBXGroup section */
		38024DF91BCE8FD90073FE71 = {
			isa = PBXGroup;
			children = (
				385B46C01D8D268900AB9E45 /* swift2048.db */,
				38D026D61D8CEF3200776B15 /* libsqlite3.dylib */,
				38024E041BCE8FD90073FE71 /* 10-14Swift2048 */,
				38024E1C1BCE8FD90073FE71 /* 10-14Swift2048Tests */,
				38024E271BCE8FD90073FE71 /* 10-14Swift2048UITests */,
				38024E031BCE8FD90073FE71 /* Products */,
			);
			sourceTree = "<group>";
		};
		38024E031BCE8FD90073FE71 /* Products */ = {
			isa = PBXGroup;
			children = (
				38024E021BCE8FD90073FE71 /* Swift2048.app */,
				38024E191BCE8FD90073FE71 /* Swift2048.xctest */,
				38024E241BCE8FD90073FE71 /* Swift2048.xctest */,
			);
			name = Products;
			sourceTree = "<group>";
		};
		38024E041BCE8FD90073FE71 /* 10-14Swift2048 */ = {
			isa = PBXGroup;
			children = (
				38024E051BCE8FD90073FE71 /* AppDelegate.swift */,
				38024E071BCE8FD90073FE71 /* ViewController.swift */,
				380551EC1D85FC2A006953ED /* KKColorListPicker */,
				38BCD6DB1BD7C968004BD0AA /* SQLite */,
				38BCD6D41BD75974004BD0AA /* controller */,
				38BCD6D31BD75956004BD0AA /* view */,
				38AA5D741BD489B9008AEBFE /* model */,
				38024E0F1BCE8FD90073FE71 /* Assets.xcassets */,
				3816087F1D5F37DA000B8828 /* Main.storyboard */,
				38024E111BCE8FD90073FE71 /* LaunchScreen.storyboard */,
				38024E141BCE8FD90073FE71 /* Info.plist */,
				38024E0C1BCE8FD90073FE71 /* _0_14Swift2048.xcdatamodeld */,
			);
			path = "10-14Swift2048";
			sourceTree = "<group>";
		};
		38024E1C1BCE8FD90073FE71 /* 10-14Swift2048Tests */ = {
			isa = PBXGroup;
			children = (
				38024E1D1BCE8FD90073FE71 /* _0_14Swift2048Tests.swift */,
				38024E1F1BCE8FD90073FE71 /* Info.plist */,
			);
			path = "10-14Swift2048Tests";
			sourceTree = "<group>";
		};
		38024E271BCE8FD90073FE71 /* 10-14Swift2048UITests */ = {
			isa = PBXGroup;
			children = (
				38024E281BCE8FD90073FE71 /* _0_14Swift2048UITests.swift */,
				38024E2A1BCE8FD90073FE71 /* Info.plist */,
			);
			path = "10-14Swift2048UITests";
			sourceTree = "<group>";
		};
		380551EC1D85FC2A006953ED /* KKColorListPicker */ = {
			isa = PBXGroup;
			children = (
				380551ED1D85FC2A006953ED /* Categories */,
				380551F41D85FC2A006953ED /* Cells */,
				380551FB1D85FC2A006953ED /* Classes */,
				380552021D85FC2A006953ED /* Controllers */,
				380552051D85FC2A006953ED /* Schemes */,
			);
			path = KKColorListPicker;
			sourceTree = "<group>";
		};
		380551ED1D85FC2A006953ED /* Categories */ = {
			isa = PBXGroup;
			children = (
				380551EE1D85FC2A006953ED /* UIColor */,
				380551F11D85FC2A006953ED /* UIView */,
			);
			path = Categories;
			sourceTree = "<group>";
		};
		380551EE1D85FC2A006953ED /* UIColor */ = {
			isa = PBXGroup;
			children = (
				380551EF1D85FC2A006953ED /* UIColor+CustomColors.h */,
				380551F01D85FC2A006953ED /* UIColor+CustomColors.m */,
			);
			path = UIColor;
			sourceTree = "<group>";
		};
		380551F11D85FC2A006953ED /* UIView */ = {
			isa = PBXGroup;
			children = (
				380551F21D85FC2A006953ED /* UIView+KKToolKitAdditions.h */,
				380551F31D85FC2A006953ED /* UIView+KKToolKitAdditions.m */,
			);
			path = UIView;
			sourceTree = "<group>";
		};
		380551F41D85FC2A006953ED /* Cells */ = {
			isa = PBXGroup;
			children = (
				380551F51D85FC2A006953ED /* KKColorCell.h */,
				380551F61D85FC2A006953ED /* KKColorCell.m */,
				380551F71D85FC2A006953ED /* KKColorCell.xib */,
				380551F81D85FC2A006953ED /* KKColorsHeaderView.h */,
				380551F91D85FC2A006953ED /* KKColorsHeaderView.m */,
				380551FA1D85FC2A006953ED /* KKColorsHeaderView.xib */,
			);
			path = Cells;
			sourceTree = "<group>";
		};
		380551FB1D85FC2A006953ED /* Classes */ = {
			isa = PBXGroup;
			children = (
				380551FC1D85FC2A006953ED /* KKColor.h */,
				380551FD1D85FC2A006953ED /* KKColor.m */,
				380551FE1D85FC2A006953ED /* KKColorListPicker.h */,
				380551FF1D85FC2A006953ED /* KKColorsLoader.h */,
				380552001D85FC2A006953ED /* KKColorsLoader.m */,
				380552011D85FC2A006953ED /* KKColorsSchemeType.h */,
			);
			path = Classes;
			sourceTree = "<group>";
		};
		380552021D85FC2A006953ED /* Controllers */ = {
			isa = PBXGroup;
			children = (
				380552031D85FC2A006953ED /* KKColorListViewController.h */,
				380552041D85FC2A006953ED /* KKColorListViewController.m */,
			);
			path = Controllers;
			sourceTree = "<group>";
		};
		380552051D85FC2A006953ED /* Schemes */ = {
			isa = PBXGroup;
			children = (
				380552061D85FC2A006953ED /* colors_crayola.plist */,
				380552071D85FC2A006953ED /* colors_pantone.plist */,
			);
			path = Schemes;
			sourceTree = "<group>";
		};
		38AA5D741BD489B9008AEBFE /* model */ = {
			isa = PBXGroup;
			children = (
				38AA5D721BD1BC84008AEBFE /* GameModel.swift */,
				38BCD6D71BD75C37004BD0AA /* UserModel.swift */,
			);
			name = model;
			sourceTree = "<group>";
		};
		38BCD6D31BD75956004BD0AA /* view */ = {
			isa = PBXGroup;
			children = (
				38024E481BCF39120073FE71 /* ViewFactory.swift */,
				38089A961BCFE773006D059E /* TileView.swift */,
				38024E401BCEAD700073FE71 /* ScoreView.swift */,
			);
			name = view;
			sourceTree = "<group>";
		};
		38BCD6D41BD75974004BD0AA /* controller */ = {
			isa = PBXGroup;
			children = (
				38024E3A1BCE9E6B0073FE71 /* MainTabViewController.swift */,
				38024E3C1BCE9F3E0073FE71 /* SettingViewController.swift */,
				38024E3E1BCEA08D0073FE71 /* MainViewController.swift */,
				380321311D66AA19001BE9EA /* ScoreViewController.swift */,
			);
			name = controller;
			sourceTree = "<group>";
		};
		38BCD6DB1BD7C968004BD0AA /* SQLite */ = {
			isa = PBXGroup;
			children = (
				38D026CB1D8C2F2500776B15 /* SQLiteDB.swift */,
				38D026CC1D8C2F2500776B15 /* String-Extras.swift */,
				380552161D8604D6006953ED /* Bridge.h */,
				380552171D8604D6006953ED /* Bridge.m */,
				380552151D860370006953ED /* BridgingHeader.h */,
			);
			name = SQLite;
			sourceTree = "<group>";
		};
/* End PBXGroup section */

/* Begin PBXNativeTarget section */
		38024E011BCE8FD90073FE71 /* Swift2048 */ = {
			isa = PBXNativeTarget;
			buildConfigurationList = 38024E2D1BCE8FD90073FE71 /* Build configuration list for PBXNativeTarget "Swift2048" */;
			buildPhases = (
				38024DFE1BCE8FD90073FE71 /* Sources */,
				38024DFF1BCE8FD90073FE71 /* Frameworks */,
				38024E001BCE8FD90073FE71 /* Resources */,
			);
			buildRules = (
			);
			dependencies = (
			);
			name = Swift2048;
			productName = "10-14Swift2048";
			productReference = 38024E021BCE8FD90073FE71 /* Swift2048.app */;
			productType = "com.apple.product-type.application";
		};
		38024E181BCE8FD90073FE71 /* Swift2048Tests */ = {
			isa = PBXNativeTarget;
			buildConfigurationList = 38024E301BCE8FD90073FE71 /* Build configuration list for PBXNativeTarget "Swift2048Tests" */;
			buildPhases = (
				38024E151BCE8FD90073FE71 /* Sources */,
				38024E161BCE8FD90073FE71 /* Frameworks */,
				38024E171BCE8FD90073FE71 /* Resources */,
			);
			buildRules = (
			);
			dependencies = (
				38024E1B1BCE8FD90073FE71 /* PBXTargetDependency */,
			);
			name = Swift2048Tests;
			productName = "10-14Swift2048Tests";
			productReference = 38024E191BCE8FD90073FE71 /* Swift2048.xctest */;
			productType = "com.apple.product-type.bundle.unit-test";
		};
		38024E231BCE8FD90073FE71 /* Swift2048UITests */ = {
			isa = PBXNativeTarget;
			buildConfigurationList = 38024E331BCE8FD90073FE71 /* Build configuration list for PBXNativeTarget "Swift2048UITests" */;
			buildPhases = (
				38024E201BCE8FD90073FE71 /* Sources */,
				38024E211BCE8FD90073FE71 /* Frameworks */,
				38024E221BCE8FD90073FE71 /* Resources */,
			);
			buildRules = (
			);
			dependencies = (
				38024E261BCE8FD90073FE71 /* PBXTargetDependency */,
			);
			name = Swift2048UITests;
			productName = "10-14Swift2048UITests";
			productReference = 38024E241BCE8FD90073FE71 /* Swift2048.xctest */;
			productType = "com.apple.product-type.bundle.ui-testing";
		};
/* End PBXNativeTarget section */

/* Begin PBXProject section */
		38024DFA1BCE8FD90073FE71 /* Project object */ = {
			isa = PBXProject;
			attributes = {
				LastUpgradeCheck = 0700;
				ORGANIZATIONNAME = jim;
				TargetAttributes = {
					38024E011BCE8FD90073FE71 = {
						CreatedOnToolsVersion = 7.0.1;
						DevelopmentTeam = CUMF4ZAER2;
					};
					38024E181BCE8FD90073FE71 = {
						CreatedOnToolsVersion = 7.0.1;
						TestTargetID = 38024E011BCE8FD90073FE71;
					};
					38024E231BCE8FD90073FE71 = {
						CreatedOnToolsVersion = 7.0.1;
						TestTargetID = 38024E011BCE8FD90073FE71;
					};
				};
			};
			buildConfigurationList = 38024DFD1BCE8FD90073FE71 /* Build configuration list for PBXProject "Swift2048" */;
			compatibilityVersion = "Xcode 3.2";
			developmentRegion = English;
			hasScannedForEncodings = 0;
			knownRegions = (
				en,
				Base,
			);
			mainGroup = 38024DF91BCE8FD90073FE71;
			productRefGroup = 38024E031BCE8FD90073FE71 /* Products */;
			projectDirPath = "";
			projectRoot = "";
			targets = (
				38024E011BCE8FD90073FE71 /* Swift2048 */,
				38024E181BCE8FD90073FE71 /* Swift2048Tests */,
				38024E231BCE8FD90073FE71 /* Swift2048UITests */,
			);
		};
/* End PBXProject section */

/* Begin PBXResourcesBuildPhase section */
		38024E001BCE8FD90073FE71 /* Resources */ = {
			isa = PBXResourcesBuildPhase;
			buildActionMask = 2147483647;
			files = (
				380552121D85FC2A006953ED /* colors_pantone.plist in Resources */,
				381608801D5F37DA000B8828 /* Main.storyboard in Resources */,
				3805520B1D85FC2A006953ED /* KKColorCell.xib in Resources */,
				3805520D1D85FC2A006953ED /* KKColorsHeaderView.xib in Resources */,
				38024E131BCE8FD90073FE71 /* LaunchScreen.storyboard in Resources */,
				380552111D85FC2A006953ED /* colors_crayola.plist in Resources */,
				38024E101BCE8FD90073FE71 /* Assets.xcassets in Resources */,
			);
			runOnlyForDeploymentPostprocessing = 0;
		};
		38024E171BCE8FD90073FE71 /* Resources */ = {
			isa = PBXResourcesBuildPhase;
			buildActionMask = 2147483647;
			files = (
			);
			runOnlyForDeploymentPostprocessing = 0;
		};
		38024E221BCE8FD90073FE71 /* Resources */ = {
			isa = PBXResourcesBuildPhase;
			buildActionMask = 2147483647;
			files = (
			);
			runOnlyForDeploymentPostprocessing = 0;
		};
/* End PBXResourcesBuildPhase section */

/* Begin PBXSourcesBuildPhase section */
		38024DFE1BCE8FD90073FE71 /* Sources */ = {
			isa = PBXSourcesBuildPhase;
			buildActionMask = 2147483647;
			files = (
				3805520F1D85FC2A006953ED /* KKColorsLoader.m in Sources */,
				38024E3D1BCE9F3E0073FE71 /* SettingViewController.swift in Sources */,
				38024E081BCE8FD90073FE71 /* ViewController.swift in Sources */,
				38024E3B1BCE9E6B0073FE71 /* MainTabViewController.swift in Sources */,
				3805520A1D85FC2A006953ED /* KKColorCell.m in Sources */,
				38024E3F1BCEA08D0073FE71 /* MainViewController.swift in Sources */,
				38D026CD1D8C2F2500776B15 /* SQLiteDB.swift in Sources */,
				38024E411BCEAD700073FE71 /* ScoreView.swift in Sources */,
				380552081D85FC2A006953ED /* UIColor+CustomColors.m in Sources */,
				38AA5D731BD1BC84008AEBFE /* GameModel.swift in Sources */,
				38024E061BCE8FD90073FE71 /* AppDelegate.swift in Sources */,
				38024E0E1BCE8FD90073FE71 /* _0_14Swift2048.xcdatamodeld in Sources */,
				3805520E1D85FC2A006953ED /* KKColor.m in Sources */,
				380552181D8604D6006953ED /* Bridge.m in Sources */,
				38089A971BCFE773006D059E /* TileView.swift in Sources */,
				380552101D85FC2A006953ED /* KKColorListViewController.m in Sources */,
				3805520C1D85FC2A006953ED /* KKColorsHeaderView.m in Sources */,
				38024E491BCF39120073FE71 /* ViewFactory.swift in Sources */,
				38BCD6D81BD75C37004BD0AA /* UserModel.swift in Sources */,
				380321321D66AA19001BE9EA /* ScoreViewController.swift in Sources */,
				380552091D85FC2A006953ED /* UIView+KKToolKitAdditions.m in Sources */,
				38D026CE1D8C2F2500776B15 /* String-Extras.swift in Sources */,
			);
			runOnlyForDeploymentPostprocessing = 0;
		};
		38024E151BCE8FD90073FE71 /* Sources */ = {
			isa = PBXSourcesBuildPhase;
			buildActionMask = 2147483647;
			files = (
				38024E1E1BCE8FD90073FE71 /* _0_14Swift2048Tests.swift in Sources */,
			);
			runOnlyForDeploymentPostprocessing = 0;
		};
		38024E201BCE8FD90073FE71 /* Sources */ = {
			isa = PBXSourcesBuildPhase;
			buildActionMask = 2147483647;
			files = (
				38024E291BCE8FD90073FE71 /* _0_14Swift2048UITests.swift in Sources */,
			);
			runOnlyForDeploymentPostprocessing = 0;
		};
/* End PBXSourcesBuildPhase section */

/* Begin PBXTargetDependency section */
		38024E1B1BCE8FD90073FE71 /* PBXTargetDependency */ = {
			isa = PBXTargetDependency;
			target = 38024E011BCE8FD90073FE71 /* Swift2048 */;
			targetProxy = 38024E1A1BCE8FD90073FE71 /* PBXContainerItemProxy */;
		};
		38024E261BCE8FD90073FE71 /* PBXTargetDependency */ = {
			isa = PBXTargetDependency;
			target = 38024E011BCE8FD90073FE71 /* Swift2048 */;
			targetProxy = 38024E251BCE8FD90073FE71 /* PBXContainerItemProxy */;
		};
/* End PBXTargetDependency section */

/* Begin PBXVariantGroup section */
		38024E111BCE8FD90073FE71 /* LaunchScreen.storyboard */ = {
			isa = PBXVariantGroup;
			children = (
				38024E121BCE8FD90073FE71 /* Base */,
			);
			name = LaunchScreen.storyboard;
			sourceTree = "<group>";
		};
/* End PBXVariantGroup section */

/* Begin XCBuildConfiguration section */
		38024E2B1BCE8FD90073FE71 /* Debug */ = {
			isa = XCBuildConfiguration;
			buildSettings = {
				ALWAYS_SEARCH_USER_PATHS = NO;
				CLANG_CXX_LANGUAGE_STANDARD = "gnu++0x";
				CLANG_CXX_LIBRARY = "libc++";
				CLANG_ENABLE_MODULES = YES;
				CLANG_ENABLE_OBJC_ARC = YES;
				CLANG_WARN_BOOL_CONVERSION = YES;
				CLANG_WARN_CONSTANT_CONVERSION = YES;
				CLANG_WARN_DIRECT_OBJC_ISA_USAGE = YES_ERROR;
				CLANG_WARN_EMPTY_BODY = YES;
				CLANG_WARN_ENUM_CONVERSION = YES;
				CLANG_WARN_INT_CONVERSION = YES;
				CLANG_WARN_OBJC_ROOT_CLASS = YES_ERROR;
				CLANG_WARN_UNREACHABLE_CODE = YES;
				CLANG_WARN__DUPLICATE_METHOD_MATCH = YES;
				"CODE_SIGN_IDENTITY[sdk=iphoneos*]" = "iPhone Developer";
				COPY_PHASE_STRIP = NO;
				DEBUG_INFORMATION_FORMAT = dwarf;
				ENABLE_STRICT_OBJC_MSGSEND = YES;
				ENABLE_TESTABILITY = YES;
				GCC_C_LANGUAGE_STANDARD = gnu99;
				GCC_DYNAMIC_NO_PIC = NO;
				GCC_NO_COMMON_BLOCKS = YES;
				GCC_OPTIMIZATION_LEVEL = 0;
				GCC_PREPROCESSOR_DEFINITIONS = (
					"DEBUG=1",
					"$(inherited)",
				);
				GCC_WARN_64_TO_32_BIT_CONVERSION = YES;
				GCC_WARN_ABOUT_RETURN_TYPE = YES_ERROR;
				GCC_WARN_UNDECLARED_SELECTOR = YES;
				GCC_WARN_UNINITIALIZED_AUTOS = YES_AGGRESSIVE;
				GCC_WARN_UNUSED_FUNCTION = YES;
				GCC_WARN_UNUSED_VARIABLE = YES;
				IPHONEOS_DEPLOYMENT_TARGET = 9.0;
				MTL_ENABLE_DEBUG_INFO = YES;
				ONLY_ACTIVE_ARCH = YES;
				SDKROOT = iphoneos;
				SWIFT_OPTIMIZATION_LEVEL = "-Onone";
			};
			name = Debug;
		};
		38024E2C1BCE8FD90073FE71 /* Release */ = {
			isa = XCBuildConfiguration;
			buildSettings = {
				ALWAYS_SEARCH_USER_PATHS = NO;
				CLANG_CXX_LANGUAGE_STANDARD = "gnu++0x";
				CLANG_CXX_LIBRARY = "libc++";
				CLANG_ENABLE_MODULES = YES;
				CLANG_ENABLE_OBJC_ARC = YES;
				CLANG_WARN_BOOL_CONVERSION = YES;
				CLANG_WARN_CONSTANT_CONVERSION = YES;
				CLANG_WARN_DIRECT_OBJC_ISA_USAGE = YES_ERROR;
				CLANG_WARN_EMPTY_BODY = YES;
				CLANG_WARN_ENUM_CONVERSION = YES;
				CLANG_WARN_INT_CONVERSION = YES;
				CLANG_WARN_OBJC_ROOT_CLASS = YES_ERROR;
				CLANG_WARN_UNREACHABLE_CODE = YES;
				CLANG_WARN__DUPLICATE_METHOD_MATCH = YES;
				"CODE_SIGN_IDENTITY[sdk=iphoneos*]" = "iPhone Developer";
				COPY_PHASE_STRIP = NO;
				DEBUG_INFORMATION_FORMAT = "dwarf-with-dsym";
				ENABLE_NS_ASSERTIONS = NO;
				ENABLE_STRICT_OBJC_MSGSEND = YES;
				GCC_C_LANGUAGE_STANDARD = gnu99;
				GCC_NO_COMMON_BLOCKS = YES;
				GCC_WARN_64_TO_32_BIT_CONVERSION = YES;
				GCC_WARN_ABOUT_RETURN_TYPE = YES_ERROR;
				GCC_WARN_UNDECLARED_SELECTOR = YES;
				GCC_WARN_UNINITIALIZED_AUTOS = YES_AGGRESSIVE;
				GCC_WARN_UNUSED_FUNCTION = YES;
				GCC_WARN_UNUSED_VARIABLE = YES;
				IPHONEOS_DEPLOYMENT_TARGET = 9.0;
				MTL_ENABLE_DEBUG_INFO = NO;
				SDKROOT = iphoneos;
				VALIDATE_PRODUCT = YES;
			};
			name = Release;
		};
		38024E2E1BCE8FD90073FE71 /* Debug */ = {
			isa = XCBuildConfiguration;
			buildSettings = {
				ASSETCATALOG_COMPILER_APPICON_NAME = AppIcon;
				CODE_SIGN_IDENTITY = "iPhone Developer";
				INFOPLIST_FILE = "10-14Swift2048/Info.plist";
				IPHONEOS_DEPLOYMENT_TARGET = 8.3;
				LD_RUNPATH_SEARCH_PATHS = "$(inherited) @executable_path/Frameworks";
				New_Setting = "";
				PRODUCT_BUNDLE_IDENTIFIER = Tom.Swift2048;
				PRODUCT_NAME = Swift2048;
				SWIFT_OBJC_BRIDGING_HEADER = "/Users/jim/Documents/xcode/10-14Swift2048/10-14Swift2048/BridgingHeader.h";
			};
			name = Debug;
		};
		38024E2F1BCE8FD90073FE71 /* Release */ = {
			isa = XCBuildConfiguration;
			buildSettings = {
				ASSETCATALOG_COMPILER_APPICON_NAME = AppIcon;
				CODE_SIGN_IDENTITY = "iPhone Developer";
				INFOPLIST_FILE = "10-14Swift2048/Info.plist";
				IPHONEOS_DEPLOYMENT_TARGET = 8.3;
				LD_RUNPATH_SEARCH_PATHS = "$(inherited) @executable_path/Frameworks";
				New_Setting = "";
				PRODUCT_BUNDLE_IDENTIFIER = Tom.Swift2048;
				PRODUCT_NAME = Swift2048;
				SWIFT_OBJC_BRIDGING_HEADER = "/Users/jim/Documents/xcode/10-14Swift2048/10-14Swift2048/BridgingHeader.h";
			};
			name = Release;
		};
		38024E311BCE8FD90073FE71 /* Debug */ = {
			isa = XCBuildConfiguration;
			buildSettings = {
				BUNDLE_LOADER = "$(TEST_HOST)";
				INFOPLIST_FILE = "10-14Swift2048Tests/Info.plist";
				LD_RUNPATH_SEARCH_PATHS = "$(inherited) @executable_path/Frameworks @loader_path/Frameworks";
				PRODUCT_BUNDLE_IDENTIFIER = "Tom.-0-14Swift2048Tests";
				PRODUCT_NAME = Swift2048;
				TEST_HOST = "$(BUILT_PRODUCTS_DIR)/Swift2048.app/Swift2048";
			};
			name = Debug;
		};
		38024E321BCE8FD90073FE71 /* Release */ = {
			isa = XCBuildConfiguration;
			buildSettings = {
				BUNDLE_LOADER = "$(TEST_HOST)";
				INFOPLIST_FILE = "10-14Swift2048Tests/Info.plist";
				LD_RUNPATH_SEARCH_PATHS = "$(inherited) @executable_path/Frameworks @loader_path/Frameworks";
				PRODUCT_BUNDLE_IDENTIFIER = "Tom.-0-14Swift2048Tests";
				PRODUCT_NAME = Swift2048;
				TEST_HOST = "$(BUILT_PRODUCTS_DIR)/Swift2048.app/Swift2048";
			};
			name = Release;
		};
		38024E341BCE8FD90073FE71 /* Debug */ = {
			isa = XCBuildConfiguration;
			buildSettings = {
				INFOPLIST_FILE = "10-14Swift2048UITests/Info.plist";
				LD_RUNPATH_SEARCH_PATHS = "$(inherited) @executable_path/Frameworks @loader_path/Frameworks";
				PRODUCT_BUNDLE_IDENTIFIER = "Tom.-0-14Swift2048UITests";
				PRODUCT_NAME = Swift2048;
				TEST_TARGET_NAME = "10-14Swift2048";
				USES_XCTRUNNER = YES;
			};
			name = Debug;
		};
		38024E351BCE8FD90073FE71 /* Release */ = {
			isa = XCBuildConfiguration;
			buildSettings = {
				INFOPLIST_FILE = "10-14Swift2048UITests/Info.plist";
				LD_RUNPATH_SEARCH_PATHS = "$(inherited) @executable_path/Frameworks @loader_path/Frameworks";
				PRODUCT_BUNDLE_IDENTIFIER = "Tom.-0-14Swift2048UITests";
				PRODUCT_NAME = Swift2048;
				TEST_TARGET_NAME = "10-14Swift2048";
				USES_XCTRUNNER = YES;
			};
			name = Release;
		};
/* End XCBuildConfiguration section */

/* Begin XCConfigurationList section */
		38024DFD1BCE8FD90073FE71 /* Build configuration list for PBXProject "Swift2048" */ = {
			isa = XCConfigurationList;
			buildConfigurations = (
				38024E2B1BCE8FD90073FE71 /* Debug */,
				38024E2C1BCE8FD90073FE71 /* Release */,
			);
			defaultConfigurationIsVisible = 0;
			defaultConfigurationName = Release;
		};
		38024E2D1BCE8FD90073FE71 /* Build configuration list for PBXNativeTarget "Swift2048" */ = {
			isa = XCConfigurationList;
			buildConfigurations = (
				38024E2E1BCE8FD90073FE71 /* Debug */,
				38024E2F1BCE8FD90073FE71 /* Release */,
			);
			defaultConfigurationIsVisible = 0;
			defaultConfigurationName = Release;
		};
		38024E301BCE8FD90073FE71 /* Build configuration list for PBXNativeTarget "Swift2048Tests" */ = {
			isa = XCConfigurationList;
			buildConfigurations = (
				38024E311BCE8FD90073FE71 /* Debug */,
				38024E321BCE8FD90073FE71 /* Release */,
			);
			defaultConfigurationIsVisible = 0;
			defaultConfigurationName = Release;
		};
		38024E331BCE8FD90073FE71 /* Build configuration list for PBXNativeTarget "Swift2048UITests" */ = {
			isa = XCConfigurationList;
			buildConfigurations = (
				38024E341BCE8FD90073FE71 /* Debug */,
				38024E351BCE8FD90073FE71 /* Release */,
			);
			defaultConfigurationIsVisible = 0;
			defaultConfigurationName = Release;
		};
/* End XCConfigurationList section */

/* Begin XCVersionGroup section */
		38024E0C1BCE8FD90073FE71 /* _0_14Swift2048.xcdatamodeld */ = {
			isa = XCVersionGroup;
			children = (
				38024E0D1BCE8FD90073FE71 /* _0_14Swift2048.xcdatamodel */,
			);
			currentVersion = 38024E0D1BCE8FD90073FE71 /* _0_14Swift2048.xcdatamodel */;
			path = _0_14Swift2048.xcdatamodeld;
			sourceTree = "<group>";
			versionGroupType = wrapper.xcdatamodel;
		};
/* End XCVersionGroup section */
	};
	rootObject = 38024DFA1BCE8FD90073FE71 /* Project object */;
}
